
Microsoft Visual Studio Solution File, Format Version 12.00
# Visual Studio 15
VisualStudioVersion = 15.0.26730.12
MinimumVisualStudioVersion = 10.0.40219.1
Project("{159641D6-6404-4A2A-AE62-294DE0FE8301}") = "SSIS_GIT_TEST1", "SSIS_GIT_TEST1\SSIS_GIT_TEST1.dtproj", "{21CAE3E1-C25D-4C7C-8646-875DB71297A4}"
EndProject
Global
	GlobalSection(SolutionConfigurationPlatforms) = preSolution
		Development|Default = Development|Default
	EndGlobalSection
	GlobalSection(ProjectConfigurationPlatforms) = postSolution
		{21CAE3E1-C25D-4C7C-8646-875DB71297A4}.Development|Default.ActiveCfg = Development
		{21CAE3E1-C25D-4C7C-8646-875DB71297A4}.Development|Default.Build.0 = Development
	EndGlobalSection
	GlobalSection(SolutionProperties) = preSolution
		HideSolutionNode = FALSE
	EndGlobalSection
	GlobalSection(ExtensibilityGlobals) = postSolution
		SolutionGuid = {11046DB2-656F-47F4-B043-DC2B9E50A628}
	EndGlobalSection
EndGlobal
